
Microsoft Visual Studio Solution File, Format Version 12.00
# Visual Studio Version 17
VisualStudioVersion = 17.8.34511.84
MinimumVisualStudioVersion = 10.0.40219.1
Project("{FAE04EC0-301F-11D3-BF4B-00C04F79EFBC}") = "Exception_Handling", "Exception_Handling.csproj", "{E397A4A6-16B2-4B62-94E6-A7C70F1B4F55}"
EndProject
Global
	GlobalSection(SolutionConfigurationPlatforms) = preSolution
		Debug|Any CPU = Debug|Any CPU
		Release|Any CPU = Release|Any CPU
	EndGlobalSection
	GlobalSection(ProjectConfigurationPlatforms) = postSolution
		{E397A4A6-16B2-4B62-94E6-A7C70F1B4F55}.Debug|Any CPU.ActiveCfg = Debug|Any CPU
		{E397A4A6-16B2-4B62-94E6-A7C70F1B4F55}.Debug|Any CPU.Build.0 = Debug|Any CPU
		{E397A4A6-16B2-4B62-94E6-A7C70F1B4F55}.Release|Any CPU.ActiveCfg = Release|Any CPU
		{E397A4A6-16B2-4B62-94E6-A7C70F1B4F55}.Release|Any CPU.Build.0 = Release|Any CPU
	EndGlobalSection
	GlobalSection(SolutionProperties) = preSolution
		HideSolutionNode = FALSE
	EndGlobalSection
	GlobalSection(ExtensibilityGlobals) = postSolution
		SolutionGuid = {E6B817CF-5D1D-40A8-B3BA-FEB108B880C8}
	EndGlobalSection
EndGlobal
